
Microsoft Visual Studio Solution File, Format Version 12.00
# Visual Studio 15
VisualStudioVersion = 15.0.27130.2010
MinimumVisualStudioVersion = 10.0.40219.1
Project("{2150E333-8FDC-42A3-9474-1A3956D46DE8}") = "Domain", "Domain", "{5AC153DD-0A1B-4089-B250-77C1A8CCF8C1}"
EndProject
Project("{2150E333-8FDC-42A3-9474-1A3956D46DE8}") = "Shared", "Shared", "{EEFD387C-64F5-496F-B522-1A9A96A7BFE2}"
EndProject
Project("{2150E333-8FDC-42A3-9474-1A3956D46DE8}") = "Tests", "Tests", "{7E62A312-F85A-48B6-B453-1B11955ADCFB}"
EndProject
Project("{FAE04EC0-301F-11D3-BF4B-00C04F79EFBC}") = "TanaMao.Domain", "TanaMao.Domain\TanaMao.Domain.csproj", "{C9753355-3F6F-4268-8E1A-EE7FD8CCD45B}"
EndProject
Project("{FAE04EC0-301F-11D3-BF4B-00C04F79EFBC}") = "TaNaMao.Shared", "TaNaMao.Shared\TaNaMao.Shared.csproj", "{CFFD4FD3-F35F-45A6-BCC9-ECBB049A29BA}"
EndProject
Project("{FAE04EC0-301F-11D3-BF4B-00C04F79EFBC}") = "TaNaMao.Tests", "TaNaMao.Tests\TaNaMao.Tests.csproj", "{6A860E7C-7EE5-408A-9683-874460858B94}"
EndProject
Project("{2150E333-8FDC-42A3-9474-1A3956D46DE8}") = "Console", "Console", "{4956A73E-48A1-447A-9A74-F7A5A48EF28C}"
EndProject
Project("{FAE04EC0-301F-11D3-BF4B-00C04F79EFBC}") = "TaNaMao.Main", "TaNaMao.Main\TaNaMao.Main.csproj", "{0FE7F405-B10A-43C4-891B-92802B522D5E}"
EndProject
Project("{2150E333-8FDC-42A3-9474-1A3956D46DE8}") = "Infra", "Infra", "{5A856B2B-6AC6-4C66-B920-CA2EFFEEA737}"
EndProject
Project("{FAE04EC0-301F-11D3-BF4B-00C04F79EFBC}") = "TaNaMao.Infra", "TaNaMao.Infra\TaNaMao.Infra.csproj", "{856DF018-4B1A-49D5-B923-752F92B93EB7}"
EndProject
Project("{2150E333-8FDC-42A3-9474-1A3956D46DE8}") = "API", "API", "{41248D34-54E5-4555-9298-19CB73342AA2}"
EndProject
Project("{9A19103F-16F7-4668-BE54-9A1E7A4F7556}") = "TaNaMao", "TaNaMao\TaNaMao.csproj", "{9B9CB38F-1D42-4B2B-A6E1-C0D963BE3EFA}"
EndProject
Global
	GlobalSection(SolutionConfigurationPlatforms) = preSolution
		Debug|Any CPU = Debug|Any CPU
		Release|Any CPU = Release|Any CPU
	EndGlobalSection
	GlobalSection(ProjectConfigurationPlatforms) = postSolution
		{C9753355-3F6F-4268-8E1A-EE7FD8CCD45B}.Debug|Any CPU.ActiveCfg = Debug|Any CPU
		{C9753355-3F6F-4268-8E1A-EE7FD8CCD45B}.Debug|Any CPU.Build.0 = Debug|Any CPU
		{C9753355-3F6F-4268-8E1A-EE7FD8CCD45B}.Release|Any CPU.ActiveCfg = Release|Any CPU
		{C9753355-3F6F-4268-8E1A-EE7FD8CCD45B}.Release|Any CPU.Build.0 = Release|Any CPU
		{CFFD4FD3-F35F-45A6-BCC9-ECBB049A29BA}.Debug|Any CPU.ActiveCfg = Debug|Any CPU
		{CFFD4FD3-F35F-45A6-BCC9-ECBB049A29BA}.Debug|Any CPU.Build.0 = Debug|Any CPU
		{CFFD4FD3-F35F-45A6-BCC9-ECBB049A29BA}.Release|Any CPU.ActiveCfg = Release|Any CPU
		{CFFD4FD3-F35F-45A6-BCC9-ECBB049A29BA}.Release|Any CPU.Build.0 = Release|Any CPU
		{6A860E7C-7EE5-408A-9683-874460858B94}.Debug|Any CPU.ActiveCfg = Debug|Any CPU
		{6A860E7C-7EE5-408A-9683-874460858B94}.Debug|Any CPU.Build.0 = Debug|Any CPU
		{6A860E7C-7EE5-408A-9683-874460858B94}.Release|Any CPU.ActiveCfg = Release|Any CPU
		{6A860E7C-7EE5-408A-9683-874460858B94}.Release|Any CPU.Build.0 = Release|Any CPU
		{0FE7F405-B10A-43C4-891B-92802B522D5E}.Debug|Any CPU.ActiveCfg = Debug|Any CPU
		{0FE7F405-B10A-43C4-891B-92802B522D5E}.Debug|Any CPU.Build.0 = Debug|Any CPU
		{0FE7F405-B10A-43C4-891B-92802B522D5E}.Release|Any CPU.ActiveCfg = Release|Any CPU
		{0FE7F405-B10A-43C4-891B-92802B522D5E}.Release|Any CPU.Build.0 = Release|Any CPU
		{856DF018-4B1A-49D5-B923-752F92B93EB7}.Debug|Any CPU.ActiveCfg = Debug|Any CPU
		{856DF018-4B1A-49D5-B923-752F92B93EB7}.Debug|Any CPU.Build.0 = Debug|Any CPU
		{856DF018-4B1A-49D5-B923-752F92B93EB7}.Release|Any CPU.ActiveCfg = Release|Any CPU
		{856DF018-4B1A-49D5-B923-752F92B93EB7}.Release|Any CPU.Build.0 = Release|Any CPU
		{9B9CB38F-1D42-4B2B-A6E1-C0D963BE3EFA}.Debug|Any CPU.ActiveCfg = Debug|Any CPU
		{9B9CB38F-1D42-4B2B-A6E1-C0D963BE3EFA}.Debug|Any CPU.Build.0 = Debug|Any CPU
		{9B9CB38F-1D42-4B2B-A6E1-C0D963BE3EFA}.Release|Any CPU.ActiveCfg = Release|Any CPU
		{9B9CB38F-1D42-4B2B-A6E1-C0D963BE3EFA}.Release|Any CPU.Build.0 = Release|Any CPU
	EndGlobalSection
	GlobalSection(SolutionProperties) = preSolution
		HideSolutionNode = FALSE
	EndGlobalSection
	GlobalSection(NestedProjects) = preSolution
		{C9753355-3F6F-4268-8E1A-EE7FD8CCD45B} = {5AC153DD-0A1B-4089-B250-77C1A8CCF8C1}
		{CFFD4FD3-F35F-45A6-BCC9-ECBB049A29BA} = {EEFD387C-64F5-496F-B522-1A9A96A7BFE2}
		{6A860E7C-7EE5-408A-9683-874460858B94} = {7E62A312-F85A-48B6-B453-1B11955ADCFB}
		{0FE7F405-B10A-43C4-891B-92802B522D5E} = {4956A73E-48A1-447A-9A74-F7A5A48EF28C}
		{856DF018-4B1A-49D5-B923-752F92B93EB7} = {5A856B2B-6AC6-4C66-B920-CA2EFFEEA737}
		{9B9CB38F-1D42-4B2B-A6E1-C0D963BE3EFA} = {41248D34-54E5-4555-9298-19CB73342AA2}
	EndGlobalSection
	GlobalSection(ExtensibilityGlobals) = postSolution
		SolutionGuid = {E45C5EF0-DF84-48E6-9DCA-D5DE01D42353}
	EndGlobalSection
EndGlobal
